
Microsoft Visual Studio Solution File, Format Version 12.00
# Visual Studio Version 17
VisualStudioVersion = 17.14.36310.24 d17.14
MinimumVisualStudioVersion = 10.0.40219.1
Project("{FAE04EC0-301F-11D3-BF4B-00C04F79EFBC}") = "Domain", "Domain.csproj", "{892737CC-F64B-42C3-8429-4609718F9DD6}"
EndProject
Project("{FAE04EC0-301F-11D3-BF4B-00C04F79EFBC}") = "Infrastructure", "..\Infrastructure\Infrastructure.csproj", "{3E08EDDE-6569-44D0-849A-61DD57010407}"
EndProject
Project("{FAE04EC0-301F-11D3-BF4B-00C04F79EFBC}") = "Application", "..\Application\Application.csproj", "{546450BF-A074-488D-A909-A0378928CDE2}"
EndProject
Project("{FAE04EC0-301F-11D3-BF4B-00C04F79EFBC}") = "Presentation", "..\Presentation\Presentation.csproj", "{7705F1B5-C590-414B-971C-73E84EF21427}"
EndProject
Global
	GlobalSection(SolutionConfigurationPlatforms) = preSolution
		Debug|Any CPU = Debug|Any CPU
		Release|Any CPU = Release|Any CPU
	EndGlobalSection
	GlobalSection(ProjectConfigurationPlatforms) = postSolution
		{892737CC-F64B-42C3-8429-4609718F9DD6}.Debug|Any CPU.ActiveCfg = Debug|Any CPU
		{892737CC-F64B-42C3-8429-4609718F9DD6}.Debug|Any CPU.Build.0 = Debug|Any CPU
		{892737CC-F64B-42C3-8429-4609718F9DD6}.Release|Any CPU.ActiveCfg = Release|Any CPU
		{892737CC-F64B-42C3-8429-4609718F9DD6}.Release|Any CPU.Build.0 = Release|Any CPU
		{3E08EDDE-6569-44D0-849A-61DD57010407}.Debug|Any CPU.ActiveCfg = Debug|Any CPU
		{3E08EDDE-6569-44D0-849A-61DD57010407}.Debug|Any CPU.Build.0 = Debug|Any CPU
		{3E08EDDE-6569-44D0-849A-61DD57010407}.Release|Any CPU.ActiveCfg = Release|Any CPU
		{3E08EDDE-6569-44D0-849A-61DD57010407}.Release|Any CPU.Build.0 = Release|Any CPU
		{546450BF-A074-488D-A909-A0378928CDE2}.Debug|Any CPU.ActiveCfg = Debug|Any CPU
		{546450BF-A074-488D-A909-A0378928CDE2}.Debug|Any CPU.Build.0 = Debug|Any CPU
		{546450BF-A074-488D-A909-A0378928CDE2}.Release|Any CPU.ActiveCfg = Release|Any CPU
		{546450BF-A074-488D-A909-A0378928CDE2}.Release|Any CPU.Build.0 = Release|Any CPU
		{7705F1B5-C590-414B-971C-73E84EF21427}.Debug|Any CPU.ActiveCfg = Debug|Any CPU
		{7705F1B5-C590-414B-971C-73E84EF21427}.Debug|Any CPU.Build.0 = Debug|Any CPU
		{7705F1B5-C590-414B-971C-73E84EF21427}.Release|Any CPU.ActiveCfg = Release|Any CPU
		{7705F1B5-C590-414B-971C-73E84EF21427}.Release|Any CPU.Build.0 = Release|Any CPU
	EndGlobalSection
	GlobalSection(SolutionProperties) = preSolution
		HideSolutionNode = FALSE
	EndGlobalSection
	GlobalSection(ExtensibilityGlobals) = postSolution
		SolutionGuid = {80C533DA-D1C7-4A90-B39B-2D99E4B5CF63}
	EndGlobalSection
EndGlobal
